
Microsoft Visual Studio Solution File, Format Version 12.00
# Visual Studio Version 17
VisualStudioVersion = 17.10.35013.160
MinimumVisualStudioVersion = 10.0.40219.1
Project("{FAE04EC0-301F-11D3-BF4B-00C04F79EFBC}") = "ETickets", "ETickets\ETickets.csproj", "{A3053F09-AB33-4D77-A994-87422EAA999F}"
EndProject
Global
	GlobalSection(SolutionConfigurationPlatforms) = preSolution
		Debug|Any CPU = Debug|Any CPU
		Release|Any CPU = Release|Any CPU
	EndGlobalSection
	GlobalSection(ProjectConfigurationPlatforms) = postSolution
		{A3053F09-AB33-4D77-A994-87422EAA999F}.Debug|Any CPU.ActiveCfg = Debug|Any CPU
		{A3053F09-AB33-4D77-A994-87422EAA999F}.Debug|Any CPU.Build.0 = Debug|Any CPU
		{A3053F09-AB33-4D77-A994-87422EAA999F}.Release|Any CPU.ActiveCfg = Release|Any CPU
		{A3053F09-AB33-4D77-A994-87422EAA999F}.Release|Any CPU.Build.0 = Release|Any CPU
	EndGlobalSection
	GlobalSection(SolutionProperties) = preSolution
		HideSolutionNode = FALSE
	EndGlobalSection
	GlobalSection(ExtensibilityGlobals) = postSolution
		SolutionGuid = {3CF3BCA5-9DF8-4566-B835-A334C1E1417D}
	EndGlobalSection
EndGlobal
